// !$*UTF8*$!
{
	archiveVersion = 1;
	classes = {
	};
	objectVersion = 56;
	objects = {

/* Begin PBXBuildFile section */
		575F5902F79AF60E375B3630 /* Pods_NASDUBAI.framework in Frameworks */ = {isa = PBXBuildFile; fileRef = 22E97A9308A8F965002998CC /* Pods_NASDUBAI.framework */; };
		669E305B2B3358E100003062 /* Alamofire in Frameworks */ = {isa = PBXBuildFile; productRef = 669E305A2B3358E100003062 /* Alamofire */; };
		669E305E2B3358FA00003062 /* SDWebImage in Frameworks */ = {isa = PBXBuildFile; productRef = 669E305D2B3358FA00003062 /* SDWebImage */; };
		669E30612B33593500003062 /* IQKeyboardManagerSwift in Frameworks */ = {isa = PBXBuildFile; productRef = 669E30602B33593500003062 /* IQKeyboardManagerSwift */; };
		669E30642B3386E700003062 /* FirebaseAnalytics in Frameworks */ = {isa = PBXBuildFile; productRef = 669E30632B3386E700003062 /* FirebaseAnalytics */; };
		669E30662B3386E700003062 /* FirebaseMessaging in Frameworks */ = {isa = PBXBuildFile; productRef = 669E30652B3386E700003062 /* FirebaseMessaging */; };
		BA445E492AF8C8D800F3E824 /* LoginStoryboard.storyboard in Resources */ = {isa = PBXBuildFile; fileRef = BA445E482AF8C8D800F3E824 /* LoginStoryboard.storyboard */; };
		BA8A4D912B3C16750084E00F /* LoginVC.swift in Sources */ = {isa = PBXBuildFile; fileRef = BA8A4D902B3C16750084E00F /* LoginVC.swift */; };
		BA8A4D942B3C1A5F0084E00F /* HomeStoryboard.storyboard in Resources */ = {isa = PBXBuildFile; fileRef = BA8A4D932B3C1A5F0084E00F /* HomeStoryboard.storyboard */; };
		BA8A4D982B3C1AF50084E00F /* HomeVC.swift in Sources */ = {isa = PBXBuildFile; fileRef = BA8A4D972B3C1AF50084E00F /* HomeVC.swift */; };
		BA8D8DF82B3EA2FB0028C80E /* SignUpStoryboard.storyboard in Resources */ = {isa = PBXBuildFile; fileRef = BA8D8DF72B3EA2FB0028C80E /* SignUpStoryboard.storyboard */; };
		BA8D8DFA2B3EA3D00028C80E /* SignUpVC.swift in Sources */ = {isa = PBXBuildFile; fileRef = BA8D8DF92B3EA3D00028C80E /* SignUpVC.swift */; };
		BA8D8DFE2B3EA6D90028C80E /* UIView+Extension.swift in Sources */ = {isa = PBXBuildFile; fileRef = BA8D8DFD2B3EA6D90028C80E /* UIView+Extension.swift */; };
		BA8D8E002B3ED2B10028C80E /* Zoom.swift in Sources */ = {isa = PBXBuildFile; fileRef = BA8D8DFF2B3ED2B10028C80E /* Zoom.swift */; };
		BA8D8E022B3EEA510028C80E /* SignUpModel.swift in Sources */ = {isa = PBXBuildFile; fileRef = BA8D8E012B3EEA510028C80E /* SignUpModel.swift */; };
		BA97D0922B3081F700B7CC8E /* LoginModel.swift in Sources */ = {isa = PBXBuildFile; fileRef = BA97D0912B3081F700B7CC8E /* LoginModel.swift */; };
		BA97D0962B3084AB00B7CC8E /* DefaultsWrapper.swift in Sources */ = {isa = PBXBuildFile; fileRef = BA97D0952B3084AB00B7CC8E /* DefaultsWrapper.swift */; };
		BADA2EFA2AF625F800C56025 /* AppDelegate.swift in Sources */ = {isa = PBXBuildFile; fileRef = BADA2EF92AF625F800C56025 /* AppDelegate.swift */; };
		BADA2EFC2AF625F800C56025 /* SceneDelegate.swift in Sources */ = {isa = PBXBuildFile; fileRef = BADA2EFB2AF625F800C56025 /* SceneDelegate.swift */; };
		BADA2EFE2AF625F800C56025 /* ViewController.swift in Sources */ = {isa = PBXBuildFile; fileRef = BADA2EFD2AF625F800C56025 /* ViewController.swift */; };
		BADA2F012AF625F800C56025 /* Main.storyboard in Resources */ = {isa = PBXBuildFile; fileRef = BADA2EFF2AF625F800C56025 /* Main.storyboard */; };
		BADA2F032AF625FC00C56025 /* Assets.xcassets in Resources */ = {isa = PBXBuildFile; fileRef = BADA2F022AF625FC00C56025 /* Assets.xcassets */; };
		BADA2F062AF625FC00C56025 /* LaunchScreen.storyboard in Resources */ = {isa = PBXBuildFile; fileRef = BADA2F042AF625FC00C56025 /* LaunchScreen.storyboard */; };
		BADA2FA62AF638C400C56025 /* HardCodedData.swift in Sources */ = {isa = PBXBuildFile; fileRef = BADA2FA52AF638C400C56025 /* HardCodedData.swift */; };
		BADA2FA92AF63C3B00C56025 /* DummyClickStoryBoard.storyboard in Resources */ = {isa = PBXBuildFile; fileRef = BADA2FA82AF63C3B00C56025 /* DummyClickStoryBoard.storyboard */; };
		BADA2FAC2AF63EE800C56025 /* DummyViewController.swift in Sources */ = {isa = PBXBuildFile; fileRef = BADA2FAB2AF63EE800C56025 /* DummyViewController.swift */; };
		BAFA6BC72AFA06F700F895AA /* HeaderViewController.swift in Sources */ = {isa = PBXBuildFile; fileRef = BAFA6BC52AFA06F600F895AA /* HeaderViewController.swift */; };
		BAFA6BC82AFA06F700F895AA /* HeaderViewController.xib in Resources */ = {isa = PBXBuildFile; fileRef = BAFA6BC62AFA06F700F895AA /* HeaderViewController.xib */; };
		BAFA6BCE2AFA16F300F895AA /* UIViewController+Extension.swift in Sources */ = {isa = PBXBuildFile; fileRef = BAFA6BCD2AFA16F300F895AA /* UIViewController+Extension.swift */; };
		FF1A292A2B31BE7F009DE750 /* Observable.swift in Sources */ = {isa = PBXBuildFile; fileRef = FF1A29292B31BE7F009DE750 /* Observable.swift */; };
		FF1A292C2B31C04C009DE750 /* Validation.swift in Sources */ = {isa = PBXBuildFile; fileRef = FF1A292B2B31C04C009DE750 /* Validation.swift */; };
		FF1A292E2B31C06A009DE750 /* K.swift in Sources */ = {isa = PBXBuildFile; fileRef = FF1A292D2B31C06A009DE750 /* K.swift */; };
		FF1A29302B31C09C009DE750 /* ApiServices.swift in Sources */ = {isa = PBXBuildFile; fileRef = FF1A292F2B31C09C009DE750 /* ApiServices.swift */; };
		FFA5145F2B3E97A9009FA298 /* AppRouter.swift in Sources */ = {isa = PBXBuildFile; fileRef = FFA5145E2B3E97A9009FA298 /* AppRouter.swift */; };
/* End PBXBuildFile section */

/* Begin PBXFileReference section */
		22E97A9308A8F965002998CC /* Pods_NASDUBAI.framework */ = {isa = PBXFileReference; explicitFileType = wrapper.framework; includeInIndex = 0; path = Pods_NASDUBAI.framework; sourceTree = BUILT_PRODUCTS_DIR; };
		780B8115FDBCEDA4FAAFAC5C /* Pods-NASDUBAI.debug.xcconfig */ = {isa = PBXFileReference; includeInIndex = 1; lastKnownFileType = text.xcconfig; name = "Pods-NASDUBAI.debug.xcconfig"; path = "Target Support Files/Pods-NASDUBAI/Pods-NASDUBAI.debug.xcconfig"; sourceTree = "<group>"; };
		8020268320C6F3FA43C50DAC /* Pods-NASDUBAI.release.xcconfig */ = {isa = PBXFileReference; includeInIndex = 1; lastKnownFileType = text.xcconfig; name = "Pods-NASDUBAI.release.xcconfig"; path = "Target Support Files/Pods-NASDUBAI/Pods-NASDUBAI.release.xcconfig"; sourceTree = "<group>"; };
		BA445E482AF8C8D800F3E824 /* LoginStoryboard.storyboard */ = {isa = PBXFileReference; lastKnownFileType = file.storyboard; path = LoginStoryboard.storyboard; sourceTree = "<group>"; };
		BA8A4D902B3C16750084E00F /* LoginVC.swift */ = {isa = PBXFileReference; lastKnownFileType = sourcecode.swift; path = LoginVC.swift; sourceTree = "<group>"; };
		BA8A4D932B3C1A5F0084E00F /* HomeStoryboard.storyboard */ = {isa = PBXFileReference; lastKnownFileType = file.storyboard; path = HomeStoryboard.storyboard; sourceTree = "<group>"; };
		BA8A4D972B3C1AF50084E00F /* HomeVC.swift */ = {isa = PBXFileReference; lastKnownFileType = sourcecode.swift; path = HomeVC.swift; sourceTree = "<group>"; };
		BA8D8DF72B3EA2FB0028C80E /* SignUpStoryboard.storyboard */ = {isa = PBXFileReference; lastKnownFileType = file.storyboard; path = SignUpStoryboard.storyboard; sourceTree = "<group>"; };
		BA8D8DF92B3EA3D00028C80E /* SignUpVC.swift */ = {isa = PBXFileReference; lastKnownFileType = sourcecode.swift; path = SignUpVC.swift; sourceTree = "<group>"; };
		BA8D8DFD2B3EA6D90028C80E /* UIView+Extension.swift */ = {isa = PBXFileReference; lastKnownFileType = sourcecode.swift; path = "UIView+Extension.swift"; sourceTree = "<group>"; };
		BA8D8DFF2B3ED2B10028C80E /* Zoom.swift */ = {isa = PBXFileReference; lastKnownFileType = sourcecode.swift; path = Zoom.swift; sourceTree = "<group>"; };
		BA8D8E012B3EEA510028C80E /* SignUpModel.swift */ = {isa = PBXFileReference; lastKnownFileType = sourcecode.swift; path = SignUpModel.swift; sourceTree = "<group>"; };
		BA97D0912B3081F700B7CC8E /* LoginModel.swift */ = {isa = PBXFileReference; lastKnownFileType = sourcecode.swift; path = LoginModel.swift; sourceTree = "<group>"; };
		BA97D0952B3084AB00B7CC8E /* DefaultsWrapper.swift */ = {isa = PBXFileReference; lastKnownFileType = sourcecode.swift; path = DefaultsWrapper.swift; sourceTree = "<group>"; };
		BADA2EF62AF625F800C56025 /* NASDUBAI.app */ = {isa = PBXFileReference; explicitFileType = wrapper.application; includeInIndex = 0; path = NASDUBAI.app; sourceTree = BUILT_PRODUCTS_DIR; };
		BADA2EF92AF625F800C56025 /* AppDelegate.swift */ = {isa = PBXFileReference; lastKnownFileType = sourcecode.swift; path = AppDelegate.swift; sourceTree = "<group>"; };
		BADA2EFB2AF625F800C56025 /* SceneDelegate.swift */ = {isa = PBXFileReference; lastKnownFileType = sourcecode.swift; path = SceneDelegate.swift; sourceTree = "<group>"; };
		BADA2EFD2AF625F800C56025 /* ViewController.swift */ = {isa = PBXFileReference; lastKnownFileType = sourcecode.swift; path = ViewController.swift; sourceTree = "<group>"; };
		BADA2F002AF625F800C56025 /* Base */ = {isa = PBXFileReference; lastKnownFileType = file.storyboard; name = Base; path = Base.lproj/Main.storyboard; sourceTree = "<group>"; };
		BADA2F022AF625FC00C56025 /* Assets.xcassets */ = {isa = PBXFileReference; lastKnownFileType = folder.assetcatalog; path = Assets.xcassets; sourceTree = "<group>"; };
		BADA2F052AF625FC00C56025 /* Base */ = {isa = PBXFileReference; lastKnownFileType = file.storyboard; name = Base; path = Base.lproj/LaunchScreen.storyboard; sourceTree = "<group>"; };
		BADA2F072AF625FC00C56025 /* Info.plist */ = {isa = PBXFileReference; lastKnownFileType = text.plist.xml; path = Info.plist; sourceTree = "<group>"; };
		BADA2FA52AF638C400C56025 /* HardCodedData.swift */ = {isa = PBXFileReference; lastKnownFileType = sourcecode.swift; path = HardCodedData.swift; sourceTree = "<group>"; };
		BADA2FA82AF63C3B00C56025 /* DummyClickStoryBoard.storyboard */ = {isa = PBXFileReference; lastKnownFileType = file.storyboard; path = DummyClickStoryBoard.storyboard; sourceTree = "<group>"; };
		BADA2FAB2AF63EE800C56025 /* DummyViewController.swift */ = {isa = PBXFileReference; lastKnownFileType = sourcecode.swift; path = DummyViewController.swift; sourceTree = "<group>"; };
		BAFA6BC52AFA06F600F895AA /* HeaderViewController.swift */ = {isa = PBXFileReference; lastKnownFileType = sourcecode.swift; path = HeaderViewController.swift; sourceTree = "<group>"; };
		BAFA6BC62AFA06F700F895AA /* HeaderViewController.xib */ = {isa = PBXFileReference; lastKnownFileType = file.xib; path = HeaderViewController.xib; sourceTree = "<group>"; };
		BAFA6BCD2AFA16F300F895AA /* UIViewController+Extension.swift */ = {isa = PBXFileReference; lastKnownFileType = sourcecode.swift; path = "UIViewController+Extension.swift"; sourceTree = "<group>"; };
		FF1A29292B31BE7F009DE750 /* Observable.swift */ = {isa = PBXFileReference; lastKnownFileType = sourcecode.swift; path = Observable.swift; sourceTree = "<group>"; };
		FF1A292B2B31C04C009DE750 /* Validation.swift */ = {isa = PBXFileReference; lastKnownFileType = sourcecode.swift; path = Validation.swift; sourceTree = "<group>"; };
		FF1A292D2B31C06A009DE750 /* K.swift */ = {isa = PBXFileReference; lastKnownFileType = sourcecode.swift; path = K.swift; sourceTree = "<group>"; };
		FF1A292F2B31C09C009DE750 /* ApiServices.swift */ = {isa = PBXFileReference; lastKnownFileType = sourcecode.swift; path = ApiServices.swift; sourceTree = "<group>"; };
		FFA5145E2B3E97A9009FA298 /* AppRouter.swift */ = {isa = PBXFileReference; lastKnownFileType = sourcecode.swift; path = AppRouter.swift; sourceTree = "<group>"; };
/* End PBXFileReference section */

/* Begin PBXFrameworksBuildPhase section */
		BADA2EF32AF625F800C56025 /* Frameworks */ = {
			isa = PBXFrameworksBuildPhase;
			buildActionMask = 2147483647;
			files = (
				669E305E2B3358FA00003062 /* SDWebImage in Frameworks */,
				669E305B2B3358E100003062 /* Alamofire in Frameworks */,
				669E30662B3386E700003062 /* FirebaseMessaging in Frameworks */,
				669E30642B3386E700003062 /* FirebaseAnalytics in Frameworks */,
				669E30612B33593500003062 /* IQKeyboardManagerSwift in Frameworks */,
				575F5902F79AF60E375B3630 /* Pods_NASDUBAI.framework in Frameworks */,
			);
			runOnlyForDeploymentPostprocessing = 0;
		};
/* End PBXFrameworksBuildPhase section */

/* Begin PBXGroup section */
		62EAF477D79BCF3574E259B3 /* Pods */ = {
			isa = PBXGroup;
			children = (
				780B8115FDBCEDA4FAAFAC5C /* Pods-NASDUBAI.debug.xcconfig */,
				8020268320C6F3FA43C50DAC /* Pods-NASDUBAI.release.xcconfig */,
			);
			name = Pods;
			path = Pods;
			sourceTree = "<group>";
		};
		832C0B172F12057F205C2D8B /* Frameworks */ = {
			isa = PBXGroup;
			children = (
				22E97A9308A8F965002998CC /* Pods_NASDUBAI.framework */,
			);
			name = Frameworks;
			sourceTree = "<group>";
		};
		BA8A4D8D2B3BEA030084E00F /* Login */ = {
			isa = PBXGroup;
			children = (
				BA8A4D8F2B3C15F50084E00F /* Model */,
				BA8A4D8E2B3C15DE0084E00F /* Controller */,
				BA445E482AF8C8D800F3E824 /* LoginStoryboard.storyboard */,
			);
			path = Login;
			sourceTree = "<group>";
		};
		BA8A4D8E2B3C15DE0084E00F /* Controller */ = {
			isa = PBXGroup;
			children = (
				BA8A4D902B3C16750084E00F /* LoginVC.swift */,
			);
			path = Controller;
			sourceTree = "<group>";
		};
		BA8A4D8F2B3C15F50084E00F /* Model */ = {
			isa = PBXGroup;
			children = (
				BA97D0912B3081F700B7CC8E /* LoginModel.swift */,
			);
			path = Model;
			sourceTree = "<group>";
		};
		BA8A4D922B3C1A410084E00F /* Home */ = {
			isa = PBXGroup;
			children = (
				BA8A4D962B3C1ACF0084E00F /* Model */,
				BA8A4D952B3C1AC40084E00F /* Controller */,
				BA8A4D932B3C1A5F0084E00F /* HomeStoryboard.storyboard */,
			);
			path = Home;
			sourceTree = "<group>";
		};
		BA8A4D952B3C1AC40084E00F /* Controller */ = {
			isa = PBXGroup;
			children = (
				BA8A4D972B3C1AF50084E00F /* HomeVC.swift */,
			);
			path = Controller;
			sourceTree = "<group>";
		};
		BA8A4D962B3C1ACF0084E00F /* Model */ = {
			isa = PBXGroup;
			children = (
			);
			path = Model;
			sourceTree = "<group>";
		};
		BA8D8DF42B3EA2B70028C80E /* SignUp */ = {
			isa = PBXGroup;
			children = (
				BA8D8DF62B3EA2C80028C80E /* Controller */,
				BA8D8DF52B3EA2C00028C80E /* Model */,
				BA8D8DF72B3EA2FB0028C80E /* SignUpStoryboard.storyboard */,
			);
			path = SignUp;
			sourceTree = "<group>";
		};
		BA8D8DF52B3EA2C00028C80E /* Model */ = {
			isa = PBXGroup;
			children = (
				BA8D8E012B3EEA510028C80E /* SignUpModel.swift */,
			);
			path = Model;
			sourceTree = "<group>";
		};
		BA8D8DF62B3EA2C80028C80E /* Controller */ = {
			isa = PBXGroup;
			children = (
				BA8D8DF92B3EA3D00028C80E /* SignUpVC.swift */,
			);
			path = Controller;
			sourceTree = "<group>";
		};
		BADA2EED2AF625F800C56025 = {
			isa = PBXGroup;
			children = (
				BADA2EF82AF625F800C56025 /* NASDUBAI */,
				BADA2EF72AF625F800C56025 /* Products */,
				62EAF477D79BCF3574E259B3 /* Pods */,
				832C0B172F12057F205C2D8B /* Frameworks */,
			);
			sourceTree = "<group>";
		};
		BADA2EF72AF625F800C56025 /* Products */ = {
			isa = PBXGroup;
			children = (
				BADA2EF62AF625F800C56025 /* NASDUBAI.app */,
			);
			name = Products;
			sourceTree = "<group>";
		};
		BADA2EF82AF625F800C56025 /* NASDUBAI */ = {
			isa = PBXGroup;
			children = (
				BA8D8DF42B3EA2B70028C80E /* SignUp */,
				BA8A4D922B3C1A410084E00F /* Home */,
				BA8A4D8D2B3BEA030084E00F /* Login */,
				BAFA6BC92AFA0E7E00F895AA /* Extensions */,
				BADA2FA72AF63A8100C56025 /* Fonts */,
				BADA2F672AF6335300C56025 /* Common */,
				BADA2EF92AF625F800C56025 /* AppDelegate.swift */,
				BADA2EFB2AF625F800C56025 /* SceneDelegate.swift */,
				BADA2EFD2AF625F800C56025 /* ViewController.swift */,
				BADA2EFF2AF625F800C56025 /* Main.storyboard */,
				BADA2F022AF625FC00C56025 /* Assets.xcassets */,
				BADA2F042AF625FC00C56025 /* LaunchScreen.storyboard */,
				BADA2F072AF625FC00C56025 /* Info.plist */,
			);
			path = NASDUBAI;
			sourceTree = "<group>";
		};
		BADA2F672AF6335300C56025 /* Common */ = {
			isa = PBXGroup;
			children = (
				BADA2FA52AF638C400C56025 /* HardCodedData.swift */,
				BADA2FA82AF63C3B00C56025 /* DummyClickStoryBoard.storyboard */,
				BADA2FAB2AF63EE800C56025 /* DummyViewController.swift */,
				BAFA6BC52AFA06F600F895AA /* HeaderViewController.swift */,
				BAFA6BC62AFA06F700F895AA /* HeaderViewController.xib */,
				BA97D0952B3084AB00B7CC8E /* DefaultsWrapper.swift */,
				FF1A29292B31BE7F009DE750 /* Observable.swift */,
				FF1A292B2B31C04C009DE750 /* Validation.swift */,
				FF1A292D2B31C06A009DE750 /* K.swift */,
				FF1A292F2B31C09C009DE750 /* ApiServices.swift */,
				FFA5145E2B3E97A9009FA298 /* AppRouter.swift */,
			);
			path = Common;
			sourceTree = "<group>";
		};
		BADA2FA72AF63A8100C56025 /* Fonts */ = {
			isa = PBXGroup;
			children = (
			);
			path = Fonts;
			sourceTree = "<group>";
		};
		BAFA6BC92AFA0E7E00F895AA /* Extensions */ = {
			isa = PBXGroup;
			children = (
				BAFA6BCD2AFA16F300F895AA /* UIViewController+Extension.swift */,
				BA8D8DFD2B3EA6D90028C80E /* UIView+Extension.swift */,
				BA8D8DFF2B3ED2B10028C80E /* Zoom.swift */,
			);
			path = Extensions;
			sourceTree = "<group>";
		};
/* End PBXGroup section */

/* Begin PBXNativeTarget section */
		BADA2EF52AF625F800C56025 /* NASDUBAI */ = {
			isa = PBXNativeTarget;
			buildConfigurationList = BADA2F0A2AF625FC00C56025 /* Build configuration list for PBXNativeTarget "NASDUBAI" */;
			buildPhases = (
				EBA0EC723A287925F2559330 /* [CP] Check Pods Manifest.lock */,
				BADA2EF22AF625F800C56025 /* Sources */,
				BADA2EF32AF625F800C56025 /* Frameworks */,
				BADA2EF42AF625F800C56025 /* Resources */,
				022E75E3D579D61DBFE4F118 /* [CP] Embed Pods Frameworks */,
			);
			buildRules = (
			);
			dependencies = (
			);
			name = NASDUBAI;
			packageProductDependencies = (
				669E305A2B3358E100003062 /* Alamofire */,
				669E305D2B3358FA00003062 /* SDWebImage */,
				669E30602B33593500003062 /* IQKeyboardManagerSwift */,
				669E30632B3386E700003062 /* FirebaseAnalytics */,
				669E30652B3386E700003062 /* FirebaseMessaging */,
			);
			productName = NASDUBAI;
			productReference = BADA2EF62AF625F800C56025 /* NASDUBAI.app */;
			productType = "com.apple.product-type.application";
		};
/* End PBXNativeTarget section */

/* Begin PBXProject section */
		BADA2EEE2AF625F800C56025 /* Project object */ = {
			isa = PBXProject;
			attributes = {
				BuildIndependentTargetsInParallel = 1;
				LastSwiftUpdateCheck = 1500;
				LastUpgradeCheck = 1500;
				TargetAttributes = {
					BADA2EF52AF625F800C56025 = {
						CreatedOnToolsVersion = 15.0;
					};
				};
			};
			buildConfigurationList = BADA2EF12AF625F800C56025 /* Build configuration list for PBXProject "NASDUBAI" */;
			compatibilityVersion = "Xcode 14.0";
			developmentRegion = en;
			hasScannedForEncodings = 0;
			knownRegions = (
				en,
				Base,
			);
			mainGroup = BADA2EED2AF625F800C56025;
			packageReferences = (
				669E30592B3358E100003062 /* XCRemoteSwiftPackageReference "Alamofire" */,
				669E305C2B3358FA00003062 /* XCRemoteSwiftPackageReference "SDWebImage.git" */,
				669E305F2B33593500003062 /* XCRemoteSwiftPackageReference "IQKeyboardManager" */,
				669E30622B3386E700003062 /* XCRemoteSwiftPackageReference "firebase-ios-sdk.git" */,
			);
			productRefGroup = BADA2EF72AF625F800C56025 /* Products */;
			projectDirPath = "";
			projectRoot = "";
			targets = (
				BADA2EF52AF625F800C56025 /* NASDUBAI */,
			);
		};
/* End PBXProject section */

/* Begin PBXResourcesBuildPhase section */
		BADA2EF42AF625F800C56025 /* Resources */ = {
			isa = PBXResourcesBuildPhase;
			buildActionMask = 2147483647;
			files = (
				BADA2F062AF625FC00C56025 /* LaunchScreen.storyboard in Resources */,
				BA8D8DF82B3EA2FB0028C80E /* SignUpStoryboard.storyboard in Resources */,
				BAFA6BC82AFA06F700F895AA /* HeaderViewController.xib in Resources */,
				BA445E492AF8C8D800F3E824 /* LoginStoryboard.storyboard in Resources */,
				BA8A4D942B3C1A5F0084E00F /* HomeStoryboard.storyboard in Resources */,
				BADA2FA92AF63C3B00C56025 /* DummyClickStoryBoard.storyboard in Resources */,
				BADA2F032AF625FC00C56025 /* Assets.xcassets in Resources */,
				BADA2F012AF625F800C56025 /* Main.storyboard in Resources */,
			);
			runOnlyForDeploymentPostprocessing = 0;
		};
/* End PBXResourcesBuildPhase section */

/* Begin PBXShellScriptBuildPhase section */
		022E75E3D579D61DBFE4F118 /* [CP] Embed Pods Frameworks */ = {
			isa = PBXShellScriptBuildPhase;
			buildActionMask = 2147483647;
			files = (
			);
			inputFileListPaths = (
				"${PODS_ROOT}/Target Support Files/Pods-NASDUBAI/Pods-NASDUBAI-frameworks-${CONFIGURATION}-input-files.xcfilelist",
			);
			name = "[CP] Embed Pods Frameworks";
			outputFileListPaths = (
				"${PODS_ROOT}/Target Support Files/Pods-NASDUBAI/Pods-NASDUBAI-frameworks-${CONFIGURATION}-output-files.xcfilelist",
			);
			runOnlyForDeploymentPostprocessing = 0;
			shellPath = /bin/sh;
			shellScript = "\"${PODS_ROOT}/Target Support Files/Pods-NASDUBAI/Pods-NASDUBAI-frameworks.sh\"\n";
			showEnvVarsInLog = 0;
		};
		EBA0EC723A287925F2559330 /* [CP] Check Pods Manifest.lock */ = {
			isa = PBXShellScriptBuildPhase;
			buildActionMask = 2147483647;
			files = (
			);
			inputFileListPaths = (
			);
			inputPaths = (
				"${PODS_PODFILE_DIR_PATH}/Podfile.lock",
				"${PODS_ROOT}/Manifest.lock",
			);
			name = "[CP] Check Pods Manifest.lock";
			outputFileListPaths = (
			);
			outputPaths = (
				"$(DERIVED_FILE_DIR)/Pods-NASDUBAI-checkManifestLockResult.txt",
			);
			runOnlyForDeploymentPostprocessing = 0;
			shellPath = /bin/sh;
			shellScript = "diff \"${PODS_PODFILE_DIR_PATH}/Podfile.lock\" \"${PODS_ROOT}/Manifest.lock\" > /dev/null\nif [ $? != 0 ] ; then\n    # print error to STDERR\n    echo \"error: The sandbox is not in sync with the Podfile.lock. Run 'pod install' or update your CocoaPods installation.\" >&2\n    exit 1\nfi\n# This output is used by Xcode 'outputs' to avoid re-running this script phase.\necho \"SUCCESS\" > \"${SCRIPT_OUTPUT_FILE_0}\"\n";
			showEnvVarsInLog = 0;
		};
/* End PBXShellScriptBuildPhase section */

/* Begin PBXSourcesBuildPhase section */
		BADA2EF22AF625F800C56025 /* Sources */ = {
			isa = PBXSourcesBuildPhase;
			buildActionMask = 2147483647;
			files = (
				FF1A292A2B31BE7F009DE750 /* Observable.swift in Sources */,
				BAFA6BCE2AFA16F300F895AA /* UIViewController+Extension.swift in Sources */,
				BA8A4D912B3C16750084E00F /* LoginVC.swift in Sources */,
				BAFA6BC72AFA06F700F895AA /* HeaderViewController.swift in Sources */,
				BADA2EFE2AF625F800C56025 /* ViewController.swift in Sources */,
				FF1A292E2B31C06A009DE750 /* K.swift in Sources */,
				BA8A4D982B3C1AF50084E00F /* HomeVC.swift in Sources */,
				BA8D8E022B3EEA510028C80E /* SignUpModel.swift in Sources */,
				BA8D8E002B3ED2B10028C80E /* Zoom.swift in Sources */,
				BA97D0922B3081F700B7CC8E /* LoginModel.swift in Sources */,
				BADA2EFA2AF625F800C56025 /* AppDelegate.swift in Sources */,
				FF1A29302B31C09C009DE750 /* ApiServices.swift in Sources */,
				BADA2FA62AF638C400C56025 /* HardCodedData.swift in Sources */,
				BA97D0962B3084AB00B7CC8E /* DefaultsWrapper.swift in Sources */,
				BA8D8DFE2B3EA6D90028C80E /* UIView+Extension.swift in Sources */,
				FFA5145F2B3E97A9009FA298 /* AppRouter.swift in Sources */,
				BADA2FAC2AF63EE800C56025 /* DummyViewController.swift in Sources */,
				FF1A292C2B31C04C009DE750 /* Validation.swift in Sources */,
				BADA2EFC2AF625F800C56025 /* SceneDelegate.swift in Sources */,
				BA8D8DFA2B3EA3D00028C80E /* SignUpVC.swift in Sources */,
			);
			runOnlyForDeploymentPostprocessing = 0;
		};
/* End PBXSourcesBuildPhase section */

/* Begin PBXVariantGroup section */
		BADA2EFF2AF625F800C56025 /* Main.storyboard */ = {
			isa = PBXVariantGroup;
			children = (
				BADA2F002AF625F800C56025 /* Base */,
			);
			name = Main.storyboard;
			sourceTree = "<group>";
		};
		BADA2F042AF625FC00C56025 /* LaunchScreen.storyboard */ = {
			isa = PBXVariantGroup;
			children = (
				BADA2F052AF625FC00C56025 /* Base */,
			);
			name = LaunchScreen.storyboard;
			sourceTree = "<group>";
		};
/* End PBXVariantGroup section */

/* Begin XCBuildConfiguration section */
		BADA2F082AF625FC00C56025 /* Debug */ = {
			isa = XCBuildConfiguration;
			buildSettings = {
				ALWAYS_SEARCH_USER_PATHS = NO;
				ASSETCATALOG_COMPILER_GENERATE_SWIFT_ASSET_SYMBOL_EXTENSIONS = YES;
				CLANG_ANALYZER_NONNULL = YES;
				CLANG_ANALYZER_NUMBER_OBJECT_CONVERSION = YES_AGGRESSIVE;
				CLANG_CXX_LANGUAGE_STANDARD = "gnu++20";
				CLANG_ENABLE_MODULES = YES;
				CLANG_ENABLE_OBJC_ARC = YES;
				CLANG_ENABLE_OBJC_WEAK = YES;
				CLANG_WARN_BLOCK_CAPTURE_AUTORELEASING = YES;
				CLANG_WARN_BOOL_CONVERSION = YES;
				CLANG_WARN_COMMA = YES;
				CLANG_WARN_CONSTANT_CONVERSION = YES;
				CLANG_WARN_DEPRECATED_OBJC_IMPLEMENTATIONS = YES;
				CLANG_WARN_DIRECT_OBJC_ISA_USAGE = YES_ERROR;
				CLANG_WARN_DOCUMENTATION_COMMENTS = YES;
				CLANG_WARN_EMPTY_BODY = YES;
				CLANG_WARN_ENUM_CONVERSION = YES;
				CLANG_WARN_INFINITE_RECURSION = YES;
				CLANG_WARN_INT_CONVERSION = YES;
				CLANG_WARN_NON_LITERAL_NULL_CONVERSION = YES;
				CLANG_WARN_OBJC_IMPLICIT_RETAIN_SELF = YES;
				CLANG_WARN_OBJC_LITERAL_CONVERSION = YES;
				CLANG_WARN_OBJC_ROOT_CLASS = YES_ERROR;
				CLANG_WARN_QUOTED_INCLUDE_IN_FRAMEWORK_HEADER = YES;
				CLANG_WARN_RANGE_LOOP_ANALYSIS = YES;
				CLANG_WARN_STRICT_PROTOTYPES = YES;
				CLANG_WARN_SUSPICIOUS_MOVE = YES;
				CLANG_WARN_UNGUARDED_AVAILABILITY = YES_AGGRESSIVE;
				CLANG_WARN_UNREACHABLE_CODE = YES;
				CLANG_WARN__DUPLICATE_METHOD_MATCH = YES;
				COPY_PHASE_STRIP = NO;
				DEBUG_INFORMATION_FORMAT = dwarf;
				ENABLE_STRICT_OBJC_MSGSEND = YES;
				ENABLE_TESTABILITY = YES;
				ENABLE_USER_SCRIPT_SANDBOXING = NO;
				GCC_C_LANGUAGE_STANDARD = gnu17;
				GCC_DYNAMIC_NO_PIC = NO;
				GCC_NO_COMMON_BLOCKS = YES;
				GCC_OPTIMIZATION_LEVEL = 0;
				GCC_PREPROCESSOR_DEFINITIONS = (
					"DEBUG=1",
					"$(inherited)",
				);
				GCC_WARN_64_TO_32_BIT_CONVERSION = YES;
				GCC_WARN_ABOUT_RETURN_TYPE = YES_ERROR;
				GCC_WARN_UNDECLARED_SELECTOR = YES;
				GCC_WARN_UNINITIALIZED_AUTOS = YES_AGGRESSIVE;
				GCC_WARN_UNUSED_FUNCTION = YES;
				GCC_WARN_UNUSED_VARIABLE = YES;
				IPHONEOS_DEPLOYMENT_TARGET = 14.0;
				LOCALIZATION_PREFERS_STRING_CATALOGS = YES;
				MTL_ENABLE_DEBUG_INFO = INCLUDE_SOURCE;
				MTL_FAST_MATH = YES;
				ONLY_ACTIVE_ARCH = YES;
				SDKROOT = iphoneos;
				SWIFT_ACTIVE_COMPILATION_CONDITIONS = "DEBUG $(inherited)";
				SWIFT_OPTIMIZATION_LEVEL = "-Onone";
			};
			name = Debug;
		};
		BADA2F092AF625FC00C56025 /* Release */ = {
			isa = XCBuildConfiguration;
			buildSettings = {
				ALWAYS_SEARCH_USER_PATHS = NO;
				ASSETCATALOG_COMPILER_GENERATE_SWIFT_ASSET_SYMBOL_EXTENSIONS = YES;
				CLANG_ANALYZER_NONNULL = YES;
				CLANG_ANALYZER_NUMBER_OBJECT_CONVERSION = YES_AGGRESSIVE;
				CLANG_CXX_LANGUAGE_STANDARD = "gnu++20";
				CLANG_ENABLE_MODULES = YES;
				CLANG_ENABLE_OBJC_ARC = YES;
				CLANG_ENABLE_OBJC_WEAK = YES;
				CLANG_WARN_BLOCK_CAPTURE_AUTORELEASING = YES;
				CLANG_WARN_BOOL_CONVERSION = YES;
				CLANG_WARN_COMMA = YES;
				CLANG_WARN_CONSTANT_CONVERSION = YES;
				CLANG_WARN_DEPRECATED_OBJC_IMPLEMENTATIONS = YES;
				CLANG_WARN_DIRECT_OBJC_ISA_USAGE = YES_ERROR;
				CLANG_WARN_DOCUMENTATION_COMMENTS = YES;
				CLANG_WARN_EMPTY_BODY = YES;
				CLANG_WARN_ENUM_CONVERSION = YES;
				CLANG_WARN_INFINITE_RECURSION = YES;
				CLANG_WARN_INT_CONVERSION = YES;
				CLANG_WARN_NON_LITERAL_NULL_CONVERSION = YES;
				CLANG_WARN_OBJC_IMPLICIT_RETAIN_SELF = YES;
				CLANG_WARN_OBJC_LITERAL_CONVERSION = YES;
				CLANG_WARN_OBJC_ROOT_CLASS = YES_ERROR;
				CLANG_WARN_QUOTED_INCLUDE_IN_FRAMEWORK_HEADER = YES;
				CLANG_WARN_RANGE_LOOP_ANALYSIS = YES;
				CLANG_WARN_STRICT_PROTOTYPES = YES;
				CLANG_WARN_SUSPICIOUS_MOVE = YES;
				CLANG_WARN_UNGUARDED_AVAILABILITY = YES_AGGRESSIVE;
				CLANG_WARN_UNREACHABLE_CODE = YES;
				CLANG_WARN__DUPLICATE_METHOD_MATCH = YES;
				COPY_PHASE_STRIP = NO;
				DEBUG_INFORMATION_FORMAT = "dwarf-with-dsym";
				ENABLE_NS_ASSERTIONS = NO;
				ENABLE_STRICT_OBJC_MSGSEND = YES;
				ENABLE_USER_SCRIPT_SANDBOXING = NO;
				GCC_C_LANGUAGE_STANDARD = gnu17;
				GCC_NO_COMMON_BLOCKS = YES;
				GCC_WARN_64_TO_32_BIT_CONVERSION = YES;
				GCC_WARN_ABOUT_RETURN_TYPE = YES_ERROR;
				GCC_WARN_UNDECLARED_SELECTOR = YES;
				GCC_WARN_UNINITIALIZED_AUTOS = YES_AGGRESSIVE;
				GCC_WARN_UNUSED_FUNCTION = YES;
				GCC_WARN_UNUSED_VARIABLE = YES;
				IPHONEOS_DEPLOYMENT_TARGET = 14.0;
				LOCALIZATION_PREFERS_STRING_CATALOGS = YES;
				MTL_ENABLE_DEBUG_INFO = NO;
				MTL_FAST_MATH = YES;
				SDKROOT = iphoneos;
				SWIFT_COMPILATION_MODE = wholemodule;
				VALIDATE_PRODUCT = YES;
			};
			name = Release;
		};
		BADA2F0B2AF625FC00C56025 /* Debug */ = {
			isa = XCBuildConfiguration;
			baseConfigurationReference = 780B8115FDBCEDA4FAAFAC5C /* Pods-NASDUBAI.debug.xcconfig */;
			buildSettings = {
				ASSETCATALOG_COMPILER_APPICON_NAME = AppIcon;
				ASSETCATALOG_COMPILER_GLOBAL_ACCENT_COLOR_NAME = AccentColor;
				CODE_SIGN_STYLE = Automatic;
				CURRENT_PROJECT_VERSION = 1;
				GENERATE_INFOPLIST_FILE = YES;
				INFOPLIST_FILE = NASDUBAI/Info.plist;
				INFOPLIST_KEY_UIApplicationSupportsIndirectInputEvents = YES;
				INFOPLIST_KEY_UILaunchStoryboardName = LaunchScreen;
				INFOPLIST_KEY_UIMainStoryboardFile = Main;
				INFOPLIST_KEY_UISupportedInterfaceOrientations_iPad = "UIInterfaceOrientationPortrait UIInterfaceOrientationPortraitUpsideDown UIInterfaceOrientationLandscapeLeft UIInterfaceOrientationLandscapeRight";
				INFOPLIST_KEY_UISupportedInterfaceOrientations_iPhone = "UIInterfaceOrientationPortrait UIInterfaceOrientationLandscapeLeft UIInterfaceOrientationLandscapeRight";
				IPHONEOS_DEPLOYMENT_TARGET = 14.0;
				LD_RUNPATH_SEARCH_PATHS = (
					"$(inherited)",
					"@executable_path/Frameworks",
				);
				MARKETING_VERSION = 1.0;
				PRODUCT_BUNDLE_IDENTIFIER = Mobatia.NASDUBAI;
				PRODUCT_NAME = "$(TARGET_NAME)";
				SWIFT_EMIT_LOC_STRINGS = YES;
				SWIFT_VERSION = 5.0;
				TARGETED_DEVICE_FAMILY = "1,2";
			};
			name = Debug;
		};
		BADA2F0C2AF625FC00C56025 /* Release */ = {
			isa = XCBuildConfiguration;
			baseConfigurationReference = 8020268320C6F3FA43C50DAC /* Pods-NASDUBAI.release.xcconfig */;
			buildSettings = {
				ASSETCATALOG_COMPILER_APPICON_NAME = AppIcon;
				ASSETCATALOG_COMPILER_GLOBAL_ACCENT_COLOR_NAME = AccentColor;
				CODE_SIGN_STYLE = Automatic;
				CURRENT_PROJECT_VERSION = 1;
				GENERATE_INFOPLIST_FILE = YES;
				INFOPLIST_FILE = NASDUBAI/Info.plist;
				INFOPLIST_KEY_UIApplicationSupportsIndirectInputEvents = YES;
				INFOPLIST_KEY_UILaunchStoryboardName = LaunchScreen;
				INFOPLIST_KEY_UIMainStoryboardFile = Main;
				INFOPLIST_KEY_UISupportedInterfaceOrientations_iPad = "UIInterfaceOrientationPortrait UIInterfaceOrientationPortraitUpsideDown UIInterfaceOrientationLandscapeLeft UIInterfaceOrientationLandscapeRight";
				INFOPLIST_KEY_UISupportedInterfaceOrientations_iPhone = "UIInterfaceOrientationPortrait UIInterfaceOrientationLandscapeLeft UIInterfaceOrientationLandscapeRight";
				IPHONEOS_DEPLOYMENT_TARGET = 14.0;
				LD_RUNPATH_SEARCH_PATHS = (
					"$(inherited)",
					"@executable_path/Frameworks",
				);
				MARKETING_VERSION = 1.0;
				PRODUCT_BUNDLE_IDENTIFIER = Mobatia.NASDUBAI;
				PRODUCT_NAME = "$(TARGET_NAME)";
				SWIFT_EMIT_LOC_STRINGS = YES;
				SWIFT_VERSION = 5.0;
				TARGETED_DEVICE_FAMILY = "1,2";
			};
			name = Release;
		};
/* End XCBuildConfiguration section */

/* Begin XCConfigurationList section */
		BADA2EF12AF625F800C56025 /* Build configuration list for PBXProject "NASDUBAI" */ = {
			isa = XCConfigurationList;
			buildConfigurations = (
				BADA2F082AF625FC00C56025 /* Debug */,
				BADA2F092AF625FC00C56025 /* Release */,
			);
			defaultConfigurationIsVisible = 0;
			defaultConfigurationName = Release;
		};
		BADA2F0A2AF625FC00C56025 /* Build configuration list for PBXNativeTarget "NASDUBAI" */ = {
			isa = XCConfigurationList;
			buildConfigurations = (
				BADA2F0B2AF625FC00C56025 /* Debug */,
				BADA2F0C2AF625FC00C56025 /* Release */,
			);
			defaultConfigurationIsVisible = 0;
			defaultConfigurationName = Release;
		};
/* End XCConfigurationList section */

/* Begin XCRemoteSwiftPackageReference section */
		669E30592B3358E100003062 /* XCRemoteSwiftPackageReference "Alamofire" */ = {
			isa = XCRemoteSwiftPackageReference;
			repositoryURL = "https://github.com/Alamofire/Alamofire";
			requirement = {
				kind = exactVersion;
				version = 5.8.1;
			};
		};
		669E305C2B3358FA00003062 /* XCRemoteSwiftPackageReference "SDWebImage.git" */ = {
			isa = XCRemoteSwiftPackageReference;
			repositoryURL = "https://github.com/SDWebImage/SDWebImage.git";
			requirement = {
				kind = exactVersion;
				version = 5.9.5;
			};
		};
		669E305F2B33593500003062 /* XCRemoteSwiftPackageReference "IQKeyboardManager" */ = {
			isa = XCRemoteSwiftPackageReference;
			repositoryURL = "https://github.com/hackiftekhar/IQKeyboardManager";
			requirement = {
				kind = exactVersion;
				version = 6.5.16;
			};
		};
		669E30622B3386E700003062 /* XCRemoteSwiftPackageReference "firebase-ios-sdk.git" */ = {
			isa = XCRemoteSwiftPackageReference;
			repositoryURL = "https://github.com/firebase/firebase-ios-sdk.git";
			requirement = {
				kind = exactVersion;
				version = 9.6.0;
			};
		};
/* End XCRemoteSwiftPackageReference section */

/* Begin XCSwiftPackageProductDependency section */
		669E305A2B3358E100003062 /* Alamofire */ = {
			isa = XCSwiftPackageProductDependency;
			package = 669E30592B3358E100003062 /* XCRemoteSwiftPackageReference "Alamofire" */;
			productName = Alamofire;
		};
		669E305D2B3358FA00003062 /* SDWebImage */ = {
			isa = XCSwiftPackageProductDependency;
			package = 669E305C2B3358FA00003062 /* XCRemoteSwiftPackageReference "SDWebImage.git" */;
			productName = SDWebImage;
		};
		669E30602B33593500003062 /* IQKeyboardManagerSwift */ = {
			isa = XCSwiftPackageProductDependency;
			package = 669E305F2B33593500003062 /* XCRemoteSwiftPackageReference "IQKeyboardManager" */;
			productName = IQKeyboardManagerSwift;
		};
		669E30632B3386E700003062 /* FirebaseAnalytics */ = {
			isa = XCSwiftPackageProductDependency;
			package = 669E30622B3386E700003062 /* XCRemoteSwiftPackageReference "firebase-ios-sdk.git" */;
			productName = FirebaseAnalytics;
		};
		669E30652B3386E700003062 /* FirebaseMessaging */ = {
			isa = XCSwiftPackageProductDependency;
			package = 669E30622B3386E700003062 /* XCRemoteSwiftPackageReference "firebase-ios-sdk.git" */;
			productName = FirebaseMessaging;
		};
/* End XCSwiftPackageProductDependency section */
	};
	rootObject = BADA2EEE2AF625F800C56025 /* Project object */;
}
